
Microsoft Visual Studio Solution File, Format Version 12.00
# Visual Studio Version 17
VisualStudioVersion = 17.0.31903.59
MinimumVisualStudioVersion = 10.0.40219.1
Project("{9A19103F-16F7-4668-BE54-9A1E7A4F7556}") = "SmsDigital", "SmsDigital.csproj", "{F118F625-0A07-4CDC-8067-0EDAA22078DE}"
EndProject
Project("{FAE04EC0-301F-11D3-BF4B-00C04F79EFBC}") = "SmsDigital.Infrastructure", "..\SmsDigital.Infrastructure\SmsDigital.Infrastructure.csproj", "{4B2205C6-0601-44B9-B428-41E095068869}"
EndProject
Global
	GlobalSection(SolutionConfigurationPlatforms) = preSolution
		Debug|Any CPU = Debug|Any CPU
		Release|Any CPU = Release|Any CPU
	EndGlobalSection
	GlobalSection(ProjectConfigurationPlatforms) = postSolution
		{F118F625-0A07-4CDC-8067-0EDAA22078DE}.Debug|Any CPU.ActiveCfg = Debug|Any CPU
		{F118F625-0A07-4CDC-8067-0EDAA22078DE}.Debug|Any CPU.Build.0 = Debug|Any CPU
		{F118F625-0A07-4CDC-8067-0EDAA22078DE}.Release|Any CPU.ActiveCfg = Release|Any CPU
		{F118F625-0A07-4CDC-8067-0EDAA22078DE}.Release|Any CPU.Build.0 = Release|Any CPU
		{4B2205C6-0601-44B9-B428-41E095068869}.Debug|Any CPU.ActiveCfg = Debug|Any CPU
		{4B2205C6-0601-44B9-B428-41E095068869}.Debug|Any CPU.Build.0 = Debug|Any CPU
		{4B2205C6-0601-44B9-B428-41E095068869}.Release|Any CPU.ActiveCfg = Release|Any CPU
		{4B2205C6-0601-44B9-B428-41E095068869}.Release|Any CPU.Build.0 = Release|Any CPU
	EndGlobalSection
	GlobalSection(SolutionProperties) = preSolution
		HideSolutionNode = FALSE
	EndGlobalSection
	GlobalSection(ExtensibilityGlobals) = postSolution
		SolutionGuid = {EDD6DCFB-21AD-486E-9E09-6E7269D4A7D0}
	EndGlobalSection
EndGlobal
